
Microsoft Visual Studio Solution File, Format Version 12.00
# Visual Studio 15
VisualStudioVersion = 15.0.26228.4
MinimumVisualStudioVersion = 10.0.40219.1
Project("{FAE04EC0-301F-11D3-BF4B-00C04F79EFBC}") = "HeBianGu.Prodcut.Demo.FFPEG", "..\Source\Application\HeBianGu.Prodcut.Demo.FFPEG\HeBianGu.Prodcut.Demo.FFPEG.csproj", "{D72FD529-EB1E-4EF2-A9B0-F1B0B6A050DC}"
EndProject
Project("{2150E333-8FDC-42A3-9474-1A3956D46DE8}") = "Application", "Application", "{94145F0C-1ACB-4935-9528-455C7EBD7148}"
EndProject
Project("{2150E333-8FDC-42A3-9474-1A3956D46DE8}") = "General", "General", "{F26CD2C9-C48D-468C-AFCE-AF4EBD822D35}"
EndProject
Project("{2150E333-8FDC-42A3-9474-1A3956D46DE8}") = "Base", "Base", "{836772AA-A909-4548-8D72-7B0F47804C84}"
EndProject
Project("{FAE04EC0-301F-11D3-BF4B-00C04F79EFBC}") = "HeBianGu.FFPEG.Base.Driver", "..\Source\Base\HeBianGu.FFPEG.Base.Driver\HeBianGu.FFPEG.Base.Driver\HeBianGu.FFPEG.Base.Driver.csproj", "{2ED79A41-0989-48B7-BC1F-C04BAA9D0165}"
EndProject
Project("{FAE04EC0-301F-11D3-BF4B-00C04F79EFBC}") = "HeBianGu.FFMPEG.Genral.Media", "..\Source\General\HeBianGu.FFMPEG.Genral.Media\HeBianGu.FFMPEG.Genral.Media.csproj", "{033EA288-463D-44B5-85F7-53E71125B437}"
EndProject
Global
	GlobalSection(SolutionConfigurationPlatforms) = preSolution
		Debug|Any CPU = Debug|Any CPU
		Release|Any CPU = Release|Any CPU
	EndGlobalSection
	GlobalSection(ProjectConfigurationPlatforms) = postSolution
		{D72FD529-EB1E-4EF2-A9B0-F1B0B6A050DC}.Debug|Any CPU.ActiveCfg = Debug|Any CPU
		{D72FD529-EB1E-4EF2-A9B0-F1B0B6A050DC}.Debug|Any CPU.Build.0 = Debug|Any CPU
		{D72FD529-EB1E-4EF2-A9B0-F1B0B6A050DC}.Release|Any CPU.ActiveCfg = Release|Any CPU
		{D72FD529-EB1E-4EF2-A9B0-F1B0B6A050DC}.Release|Any CPU.Build.0 = Release|Any CPU
		{2ED79A41-0989-48B7-BC1F-C04BAA9D0165}.Debug|Any CPU.ActiveCfg = Debug|Any CPU
		{2ED79A41-0989-48B7-BC1F-C04BAA9D0165}.Debug|Any CPU.Build.0 = Debug|Any CPU
		{2ED79A41-0989-48B7-BC1F-C04BAA9D0165}.Release|Any CPU.ActiveCfg = Release|Any CPU
		{2ED79A41-0989-48B7-BC1F-C04BAA9D0165}.Release|Any CPU.Build.0 = Release|Any CPU
		{033EA288-463D-44B5-85F7-53E71125B437}.Debug|Any CPU.ActiveCfg = Debug|Any CPU
		{033EA288-463D-44B5-85F7-53E71125B437}.Debug|Any CPU.Build.0 = Debug|Any CPU
		{033EA288-463D-44B5-85F7-53E71125B437}.Release|Any CPU.ActiveCfg = Release|Any CPU
		{033EA288-463D-44B5-85F7-53E71125B437}.Release|Any CPU.Build.0 = Release|Any CPU
	EndGlobalSection
	GlobalSection(SolutionProperties) = preSolution
		HideSolutionNode = FALSE
	EndGlobalSection
	GlobalSection(NestedProjects) = preSolution
		{D72FD529-EB1E-4EF2-A9B0-F1B0B6A050DC} = {94145F0C-1ACB-4935-9528-455C7EBD7148}
		{2ED79A41-0989-48B7-BC1F-C04BAA9D0165} = {836772AA-A909-4548-8D72-7B0F47804C84}
		{033EA288-463D-44B5-85F7-53E71125B437} = {F26CD2C9-C48D-468C-AFCE-AF4EBD822D35}
	EndGlobalSection
EndGlobal
